
Microsoft Visual Studio Solution File, Format Version 12.00
# Visual Studio Version 17
VisualStudioVersion = 17.5.33424.131
MinimumVisualStudioVersion = 10.0.40219.1
Project("{FAE04EC0-301F-11D3-BF4B-00C04F79EFBC}") = "H1_Superheroes", "H1_Superheroes\H1_Superheroes.csproj", "{497C40F2-184F-4BCD-8B18-83C0EF0E9AED}"
EndProject
Global
	GlobalSection(SolutionConfigurationPlatforms) = preSolution
		Debug|Any CPU = Debug|Any CPU
		Release|Any CPU = Release|Any CPU
	EndGlobalSection
	GlobalSection(ProjectConfigurationPlatforms) = postSolution
		{497C40F2-184F-4BCD-8B18-83C0EF0E9AED}.Debug|Any CPU.ActiveCfg = Debug|Any CPU
		{497C40F2-184F-4BCD-8B18-83C0EF0E9AED}.Debug|Any CPU.Build.0 = Debug|Any CPU
		{497C40F2-184F-4BCD-8B18-83C0EF0E9AED}.Release|Any CPU.ActiveCfg = Release|Any CPU
		{497C40F2-184F-4BCD-8B18-83C0EF0E9AED}.Release|Any CPU.Build.0 = Release|Any CPU
	EndGlobalSection
	GlobalSection(SolutionProperties) = preSolution
		HideSolutionNode = FALSE
	EndGlobalSection
	GlobalSection(ExtensibilityGlobals) = postSolution
		SolutionGuid = {C8856F26-3DA8-4FF4-9C44-BE8555599A44}
	EndGlobalSection
EndGlobal
